// !$*UTF8*$!
{
	archiveVersion = 1;
	classes = {
	};
	objectVersion = 50;
	objects = {

/* Begin PBXBuildFile section */
		BE3E5A4E2479B89500AC9A16 /* Montserrat-Regular.ttf in Resources */ = {isa = PBXBuildFile; fileRef = BE3E5A4C2479B86500AC9A16 /* Montserrat-Regular.ttf */; };
		BE3E5A512479B98A00AC9A16 /* Montserrat-Medium.ttf in Resources */ = {isa = PBXBuildFile; fileRef = BE3E5A502479B98A00AC9A16 /* Montserrat-Medium.ttf */; };
		BE3E5A532479BA6900AC9A16 /* Teko-Regular.ttf in Resources */ = {isa = PBXBuildFile; fileRef = BE3E5A522479BA6900AC9A16 /* Teko-Regular.ttf */; };
		BE82E30524783B7B00C26FA9 /* AppDelegate.swift in Sources */ = {isa = PBXBuildFile; fileRef = BE82E30424783B7B00C26FA9 /* AppDelegate.swift */; };
		BE82E30724783B7B00C26FA9 /* SceneDelegate.swift in Sources */ = {isa = PBXBuildFile; fileRef = BE82E30624783B7B00C26FA9 /* SceneDelegate.swift */; };
		BE82E30924783B7B00C26FA9 /* MainViewController.swift in Sources */ = {isa = PBXBuildFile; fileRef = BE82E30824783B7B00C26FA9 /* MainViewController.swift */; };
		BE82E30C24783B7B00C26FA9 /* Main.storyboard in Resources */ = {isa = PBXBuildFile; fileRef = BE82E30A24783B7B00C26FA9 /* Main.storyboard */; };
		BE82E30F24783B7B00C26FA9 /* TrOver.xcdatamodeld in Sources */ = {isa = PBXBuildFile; fileRef = BE82E30D24783B7B00C26FA9 /* TrOver.xcdatamodeld */; };
		BE82E31124783B7D00C26FA9 /* Assets.xcassets in Resources */ = {isa = PBXBuildFile; fileRef = BE82E31024783B7D00C26FA9 /* Assets.xcassets */; };
		BE82E31424783B7D00C26FA9 /* LaunchScreen.storyboard in Resources */ = {isa = PBXBuildFile; fileRef = BE82E31224783B7D00C26FA9 /* LaunchScreen.storyboard */; };
		BE82E31D2478515900C26FA9 /* HomeBottomControlsStackView.swift in Sources */ = {isa = PBXBuildFile; fileRef = BE82E31C2478515900C26FA9 /* HomeBottomControlsStackView.swift */; };
		BE82E31F247857D500C26FA9 /* TopNavigationStackView.swift in Sources */ = {isa = PBXBuildFile; fileRef = BE82E31E247857D500C26FA9 /* TopNavigationStackView.swift */; };
		BE82E32124786BA400C26FA9 /* PlayerStackView.swift in Sources */ = {isa = PBXBuildFile; fileRef = BE82E32024786BA400C26FA9 /* PlayerStackView.swift */; };
/* End PBXBuildFile section */

/* Begin PBXFileReference section */
		BE3E5A4C2479B86500AC9A16 /* Montserrat-Regular.ttf */ = {isa = PBXFileReference; lastKnownFileType = file; path = "Montserrat-Regular.ttf"; sourceTree = "<group>"; };
		BE3E5A502479B98A00AC9A16 /* Montserrat-Medium.ttf */ = {isa = PBXFileReference; lastKnownFileType = file; path = "Montserrat-Medium.ttf"; sourceTree = "<group>"; };
		BE3E5A522479BA6900AC9A16 /* Teko-Regular.ttf */ = {isa = PBXFileReference; lastKnownFileType = file; path = "Teko-Regular.ttf"; sourceTree = "<group>"; };
		BE82E30124783B7B00C26FA9 /* TrOver.app */ = {isa = PBXFileReference; explicitFileType = wrapper.application; includeInIndex = 0; path = TrOver.app; sourceTree = BUILT_PRODUCTS_DIR; };
		BE82E30424783B7B00C26FA9 /* AppDelegate.swift */ = {isa = PBXFileReference; lastKnownFileType = sourcecode.swift; path = AppDelegate.swift; sourceTree = "<group>"; };
		BE82E30624783B7B00C26FA9 /* SceneDelegate.swift */ = {isa = PBXFileReference; lastKnownFileType = sourcecode.swift; path = SceneDelegate.swift; sourceTree = "<group>"; };
		BE82E30824783B7B00C26FA9 /* MainViewController.swift */ = {isa = PBXFileReference; lastKnownFileType = sourcecode.swift; path = MainViewController.swift; sourceTree = "<group>"; };
		BE82E30B24783B7B00C26FA9 /* Base */ = {isa = PBXFileReference; lastKnownFileType = file.storyboard; name = Base; path = Base.lproj/Main.storyboard; sourceTree = "<group>"; };
		BE82E30E24783B7B00C26FA9 /* TrOver.xcdatamodel */ = {isa = PBXFileReference; lastKnownFileType = wrapper.xcdatamodel; path = TrOver.xcdatamodel; sourceTree = "<group>"; };
		BE82E31024783B7D00C26FA9 /* Assets.xcassets */ = {isa = PBXFileReference; lastKnownFileType = folder.assetcatalog; path = Assets.xcassets; sourceTree = "<group>"; };
		BE82E31324783B7D00C26FA9 /* Base */ = {isa = PBXFileReference; lastKnownFileType = file.storyboard; name = Base; path = Base.lproj/LaunchScreen.storyboard; sourceTree = "<group>"; };
		BE82E31524783B7D00C26FA9 /* Info.plist */ = {isa = PBXFileReference; lastKnownFileType = text.plist.xml; path = Info.plist; sourceTree = "<group>"; };
		BE82E31C2478515900C26FA9 /* HomeBottomControlsStackView.swift */ = {isa = PBXFileReference; lastKnownFileType = sourcecode.swift; path = HomeBottomControlsStackView.swift; sourceTree = "<group>"; };
		BE82E31E247857D500C26FA9 /* TopNavigationStackView.swift */ = {isa = PBXFileReference; lastKnownFileType = sourcecode.swift; path = TopNavigationStackView.swift; sourceTree = "<group>"; };
		BE82E32024786BA400C26FA9 /* PlayerStackView.swift */ = {isa = PBXFileReference; lastKnownFileType = sourcecode.swift; path = PlayerStackView.swift; sourceTree = "<group>"; };
/* End PBXFileReference section */

/* Begin PBXFrameworksBuildPhase section */
		BE82E2FE24783B7B00C26FA9 /* Frameworks */ = {
			isa = PBXFrameworksBuildPhase;
			buildActionMask = 2147483647;
			files = (
			);
			runOnlyForDeploymentPostprocessing = 0;
		};
/* End PBXFrameworksBuildPhase section */

/* Begin PBXGroup section */
		BE3E5A4B2479B83F00AC9A16 /* Fonts */ = {
			isa = PBXGroup;
			children = (
				BE3E5A4C2479B86500AC9A16 /* Montserrat-Regular.ttf */,
				BE3E5A502479B98A00AC9A16 /* Montserrat-Medium.ttf */,
				BE3E5A522479BA6900AC9A16 /* Teko-Regular.ttf */,
			);
			path = Fonts;
			sourceTree = "<group>";
		};
		BE82E2F824783B7B00C26FA9 = {
			isa = PBXGroup;
			children = (
				BE82E30324783B7B00C26FA9 /* TrOver */,
				BE82E30224783B7B00C26FA9 /* Products */,
			);
			sourceTree = "<group>";
		};
		BE82E30224783B7B00C26FA9 /* Products */ = {
			isa = PBXGroup;
			children = (
				BE82E30124783B7B00C26FA9 /* TrOver.app */,
			);
			name = Products;
			sourceTree = "<group>";
		};
		BE82E30324783B7B00C26FA9 /* TrOver */ = {
			isa = PBXGroup;
			children = (
				BE82E31B247850EB00C26FA9 /* Views */,
				BE82E30424783B7B00C26FA9 /* AppDelegate.swift */,
				BE82E30624783B7B00C26FA9 /* SceneDelegate.swift */,
				BE82E30824783B7B00C26FA9 /* MainViewController.swift */,
				BE82E30A24783B7B00C26FA9 /* Main.storyboard */,
				BE82E31024783B7D00C26FA9 /* Assets.xcassets */,
				BE82E31224783B7D00C26FA9 /* LaunchScreen.storyboard */,
				BE82E31524783B7D00C26FA9 /* Info.plist */,
				BE82E30D24783B7B00C26FA9 /* TrOver.xcdatamodeld */,
				BE3E5A4B2479B83F00AC9A16 /* Fonts */,
			);
			path = TrOver;
			sourceTree = "<group>";
		};
		BE82E31B247850EB00C26FA9 /* Views */ = {
			isa = PBXGroup;
			children = (
				BE82E31E247857D500C26FA9 /* TopNavigationStackView.swift */,
				BE82E32024786BA400C26FA9 /* PlayerStackView.swift */,
				BE82E31C2478515900C26FA9 /* HomeBottomControlsStackView.swift */,
			);
			path = Views;
			sourceTree = "<group>";
		};
/* End PBXGroup section */

/* Begin PBXNativeTarget section */
		BE82E30024783B7B00C26FA9 /* TrOver */ = {
			isa = PBXNativeTarget;
			buildConfigurationList = BE82E31824783B7D00C26FA9 /* Build configuration list for PBXNativeTarget "TrOver" */;
			buildPhases = (
				BE82E2FD24783B7B00C26FA9 /* Sources */,
				BE82E2FE24783B7B00C26FA9 /* Frameworks */,
				BE82E2FF24783B7B00C26FA9 /* Resources */,
			);
			buildRules = (
			);
			dependencies = (
			);
			name = TrOver;
			productName = TrOver;
			productReference = BE82E30124783B7B00C26FA9 /* TrOver.app */;
			productType = "com.apple.product-type.application";
		};
/* End PBXNativeTarget section */

/* Begin PBXProject section */
		BE82E2F924783B7B00C26FA9 /* Project object */ = {
			isa = PBXProject;
			attributes = {
				LastSwiftUpdateCheck = 1150;
				LastUpgradeCheck = 1150;
				ORGANIZATIONNAME = "Bochkarov Valentyn";
				TargetAttributes = {
					BE82E30024783B7B00C26FA9 = {
						CreatedOnToolsVersion = 11.5;
					};
				};
			};
			buildConfigurationList = BE82E2FC24783B7B00C26FA9 /* Build configuration list for PBXProject "TrOver" */;
			compatibilityVersion = "Xcode 9.3";
			developmentRegion = en;
			hasScannedForEncodings = 0;
			knownRegions = (
				en,
				Base,
			);
			mainGroup = BE82E2F824783B7B00C26FA9;
			productRefGroup = BE82E30224783B7B00C26FA9 /* Products */;
			projectDirPath = "";
			projectRoot = "";
			targets = (
				BE82E30024783B7B00C26FA9 /* TrOver */,
			);
		};
/* End PBXProject section */

/* Begin PBXResourcesBuildPhase section */
		BE82E2FF24783B7B00C26FA9 /* Resources */ = {
			isa = PBXResourcesBuildPhase;
			buildActionMask = 2147483647;
			files = (
				BE3E5A532479BA6900AC9A16 /* Teko-Regular.ttf in Resources */,
				BE3E5A4E2479B89500AC9A16 /* Montserrat-Regular.ttf in Resources */,
				BE3E5A512479B98A00AC9A16 /* Montserrat-Medium.ttf in Resources */,
				BE82E31424783B7D00C26FA9 /* LaunchScreen.storyboard in Resources */,
				BE82E31124783B7D00C26FA9 /* Assets.xcassets in Resources */,
				BE82E30C24783B7B00C26FA9 /* Main.storyboard in Resources */,
			);
			runOnlyForDeploymentPostprocessing = 0;
		};
/* End PBXResourcesBuildPhase section */

/* Begin PBXSourcesBuildPhase section */
		BE82E2FD24783B7B00C26FA9 /* Sources */ = {
			isa = PBXSourcesBuildPhase;
			buildActionMask = 2147483647;
			files = (
				BE82E30924783B7B00C26FA9 /* MainViewController.swift in Sources */,
				BE82E30F24783B7B00C26FA9 /* TrOver.xcdatamodeld in Sources */,
				BE82E31D2478515900C26FA9 /* HomeBottomControlsStackView.swift in Sources */,
				BE82E31F247857D500C26FA9 /* TopNavigationStackView.swift in Sources */,
				BE82E30524783B7B00C26FA9 /* AppDelegate.swift in Sources */,
				BE82E32124786BA400C26FA9 /* PlayerStackView.swift in Sources */,
				BE82E30724783B7B00C26FA9 /* SceneDelegate.swift in Sources */,
			);
			runOnlyForDeploymentPostprocessing = 0;
		};
/* End PBXSourcesBuildPhase section */

/* Begin PBXVariantGroup section */
		BE82E30A24783B7B00C26FA9 /* Main.storyboard */ = {
			isa = PBXVariantGroup;
			children = (
				BE82E30B24783B7B00C26FA9 /* Base */,
			);
			name = Main.storyboard;
			sourceTree = "<group>";
		};
		BE82E31224783B7D00C26FA9 /* LaunchScreen.storyboard */ = {
			isa = PBXVariantGroup;
			children = (
				BE82E31324783B7D00C26FA9 /* Base */,
			);
			name = LaunchScreen.storyboard;
			sourceTree = "<group>";
		};
/* End PBXVariantGroup section */

/* Begin XCBuildConfiguration section */
		BE82E31624783B7D00C26FA9 /* Debug */ = {
			isa = XCBuildConfiguration;
			buildSettings = {
				ALWAYS_SEARCH_USER_PATHS = NO;
				CLANG_ANALYZER_NONNULL = YES;
				CLANG_ANALYZER_NUMBER_OBJECT_CONVERSION = YES_AGGRESSIVE;
				CLANG_CXX_LANGUAGE_STANDARD = "gnu++14";
				CLANG_CXX_LIBRARY = "libc++";
				CLANG_ENABLE_MODULES = YES;
				CLANG_ENABLE_OBJC_ARC = YES;
				CLANG_ENABLE_OBJC_WEAK = YES;
				CLANG_WARN_BLOCK_CAPTURE_AUTORELEASING = YES;
				CLANG_WARN_BOOL_CONVERSION = YES;
				CLANG_WARN_COMMA = YES;
				CLANG_WARN_CONSTANT_CONVERSION = YES;
				CLANG_WARN_DEPRECATED_OBJC_IMPLEMENTATIONS = YES;
				CLANG_WARN_DIRECT_OBJC_ISA_USAGE = YES_ERROR;
				CLANG_WARN_DOCUMENTATION_COMMENTS = YES;
				CLANG_WARN_EMPTY_BODY = YES;
				CLANG_WARN_ENUM_CONVERSION = YES;
				CLANG_WARN_INFINITE_RECURSION = YES;
				CLANG_WARN_INT_CONVERSION = YES;
				CLANG_WARN_NON_LITERAL_NULL_CONVERSION = YES;
				CLANG_WARN_OBJC_IMPLICIT_RETAIN_SELF = YES;
				CLANG_WARN_OBJC_LITERAL_CONVERSION = YES;
				CLANG_WARN_OBJC_ROOT_CLASS = YES_ERROR;
				CLANG_WARN_RANGE_LOOP_ANALYSIS = YES;
				CLANG_WARN_STRICT_PROTOTYPES = YES;
				CLANG_WARN_SUSPICIOUS_MOVE = YES;
				CLANG_WARN_UNGUARDED_AVAILABILITY = YES_AGGRESSIVE;
				CLANG_WARN_UNREACHABLE_CODE = YES;
				CLANG_WARN__DUPLICATE_METHOD_MATCH = YES;
				COPY_PHASE_STRIP = NO;
				DEBUG_INFORMATION_FORMAT = dwarf;
				ENABLE_STRICT_OBJC_MSGSEND = YES;
				ENABLE_TESTABILITY = YES;
				GCC_C_LANGUAGE_STANDARD = gnu11;
				GCC_DYNAMIC_NO_PIC = NO;
				GCC_NO_COMMON_BLOCKS = YES;
				GCC_OPTIMIZATION_LEVEL = 0;
				GCC_PREPROCESSOR_DEFINITIONS = (
					"DEBUG=1",
					"$(inherited)",
				);
				GCC_WARN_64_TO_32_BIT_CONVERSION = YES;
				GCC_WARN_ABOUT_RETURN_TYPE = YES_ERROR;
				GCC_WARN_UNDECLARED_SELECTOR = YES;
				GCC_WARN_UNINITIALIZED_AUTOS = YES_AGGRESSIVE;
				GCC_WARN_UNUSED_FUNCTION = YES;
				GCC_WARN_UNUSED_VARIABLE = YES;
				IPHONEOS_DEPLOYMENT_TARGET = 13.5;
				MTL_ENABLE_DEBUG_INFO = INCLUDE_SOURCE;
				MTL_FAST_MATH = YES;
				ONLY_ACTIVE_ARCH = YES;
				SDKROOT = iphoneos;
				SWIFT_ACTIVE_COMPILATION_CONDITIONS = DEBUG;
				SWIFT_OPTIMIZATION_LEVEL = "-Onone";
			};
			name = Debug;
		};
		BE82E31724783B7D00C26FA9 /* Release */ = {
			isa = XCBuildConfiguration;
			buildSettings = {
				ALWAYS_SEARCH_USER_PATHS = NO;
				CLANG_ANALYZER_NONNULL = YES;
				CLANG_ANALYZER_NUMBER_OBJECT_CONVERSION = YES_AGGRESSIVE;
				CLANG_CXX_LANGUAGE_STANDARD = "gnu++14";
				CLANG_CXX_LIBRARY = "libc++";
				CLANG_ENABLE_MODULES = YES;
				CLANG_ENABLE_OBJC_ARC = YES;
				CLANG_ENABLE_OBJC_WEAK = YES;
				CLANG_WARN_BLOCK_CAPTURE_AUTORELEASING = YES;
				CLANG_WARN_BOOL_CONVERSION = YES;
				CLANG_WARN_COMMA = YES;
				CLANG_WARN_CONSTANT_CONVERSION = YES;
				CLANG_WARN_DEPRECATED_OBJC_IMPLEMENTATIONS = YES;
				CLANG_WARN_DIRECT_OBJC_ISA_USAGE = YES_ERROR;
				CLANG_WARN_DOCUMENTATION_COMMENTS = YES;
				CLANG_WARN_EMPTY_BODY = YES;
				CLANG_WARN_ENUM_CONVERSION = YES;
				CLANG_WARN_INFINITE_RECURSION = YES;
				CLANG_WARN_INT_CONVERSION = YES;
				CLANG_WARN_NON_LITERAL_NULL_CONVERSION = YES;
				CLANG_WARN_OBJC_IMPLICIT_RETAIN_SELF = YES;
				CLANG_WARN_OBJC_LITERAL_CONVERSION = YES;
				CLANG_WARN_OBJC_ROOT_CLASS = YES_ERROR;
				CLANG_WARN_RANGE_LOOP_ANALYSIS = YES;
				CLANG_WARN_STRICT_PROTOTYPES = YES;
				CLANG_WARN_SUSPICIOUS_MOVE = YES;
				CLANG_WARN_UNGUARDED_AVAILABILITY = YES_AGGRESSIVE;
				CLANG_WARN_UNREACHABLE_CODE = YES;
				CLANG_WARN__DUPLICATE_METHOD_MATCH = YES;
				COPY_PHASE_STRIP = NO;
				DEBUG_INFORMATION_FORMAT = "dwarf-with-dsym";
				ENABLE_NS_ASSERTIONS = NO;
				ENABLE_STRICT_OBJC_MSGSEND = YES;
				GCC_C_LANGUAGE_STANDARD = gnu11;
				GCC_NO_COMMON_BLOCKS = YES;
				GCC_WARN_64_TO_32_BIT_CONVERSION = YES;
				GCC_WARN_ABOUT_RETURN_TYPE = YES_ERROR;
				GCC_WARN_UNDECLARED_SELECTOR = YES;
				GCC_WARN_UNINITIALIZED_AUTOS = YES_AGGRESSIVE;
				GCC_WARN_UNUSED_FUNCTION = YES;
				GCC_WARN_UNUSED_VARIABLE = YES;
				IPHONEOS_DEPLOYMENT_TARGET = 13.5;
				MTL_ENABLE_DEBUG_INFO = NO;
				MTL_FAST_MATH = YES;
				SDKROOT = iphoneos;
				SWIFT_COMPILATION_MODE = wholemodule;
				SWIFT_OPTIMIZATION_LEVEL = "-O";
				VALIDATE_PRODUCT = YES;
			};
			name = Release;
		};
		BE82E31924783B7D00C26FA9 /* Debug */ = {
			isa = XCBuildConfiguration;
			buildSettings = {
				ASSETCATALOG_COMPILER_APPICON_NAME = AppIcon;
				CODE_SIGN_STYLE = Automatic;
				DEVELOPMENT_TEAM = VGASMDNUX4;
				INFOPLIST_FILE = TrOver/Info.plist;
				LD_RUNPATH_SEARCH_PATHS = (
					"$(inherited)",
					"@executable_path/Frameworks",
				);
				PRODUCT_BUNDLE_IDENTIFIER = valentinindigo.TrOver;
				PRODUCT_NAME = "$(TARGET_NAME)";
				SWIFT_VERSION = 5.0;
				TARGETED_DEVICE_FAMILY = "1,2";
			};
			name = Debug;
		};
		BE82E31A24783B7D00C26FA9 /* Release */ = {
			isa = XCBuildConfiguration;
			buildSettings = {
				ASSETCATALOG_COMPILER_APPICON_NAME = AppIcon;
				CODE_SIGN_STYLE = Automatic;
				DEVELOPMENT_TEAM = VGASMDNUX4;
				INFOPLIST_FILE = TrOver/Info.plist;
				LD_RUNPATH_SEARCH_PATHS = (
					"$(inherited)",
					"@executable_path/Frameworks",
				);
				PRODUCT_BUNDLE_IDENTIFIER = valentinindigo.TrOver;
				PRODUCT_NAME = "$(TARGET_NAME)";
				SWIFT_VERSION = 5.0;
				TARGETED_DEVICE_FAMILY = "1,2";
			};
			name = Release;
		};
/* End XCBuildConfiguration section */

/* Begin XCConfigurationList section */
		BE82E2FC24783B7B00C26FA9 /* Build configuration list for PBXProject "TrOver" */ = {
			isa = XCConfigurationList;
			buildConfigurations = (
				BE82E31624783B7D00C26FA9 /* Debug */,
				BE82E31724783B7D00C26FA9 /* Release */,
			);
			defaultConfigurationIsVisible = 0;
			defaultConfigurationName = Release;
		};
		BE82E31824783B7D00C26FA9 /* Build configuration list for PBXNativeTarget "TrOver" */ = {
			isa = XCConfigurationList;
			buildConfigurations = (
				BE82E31924783B7D00C26FA9 /* Debug */,
				BE82E31A24783B7D00C26FA9 /* Release */,
			);
			defaultConfigurationIsVisible = 0;
			defaultConfigurationName = Release;
		};
/* End XCConfigurationList section */

/* Begin XCVersionGroup section */
		BE82E30D24783B7B00C26FA9 /* TrOver.xcdatamodeld */ = {
			isa = XCVersionGroup;
			children = (
				BE82E30E24783B7B00C26FA9 /* TrOver.xcdatamodel */,
			);
			currentVersion = BE82E30E24783B7B00C26FA9 /* TrOver.xcdatamodel */;
			path = TrOver.xcdatamodeld;
			sourceTree = "<group>";
			versionGroupType = wrapper.xcdatamodel;
		};
/* End XCVersionGroup section */
	};
	rootObject = BE82E2F924783B7B00C26FA9 /* Project object */;
}
